
Microsoft Visual Studio Solution File, Format Version 12.00
Project("{FAE04EC0-301F-11D3-BF4B-00C04F79EFBC}") = "PLC.Commissioning.Lib.App.Standalone", "PLC.Commissioning.Lib.App.Standalone\PLC.Commissioning.Lib.App.Standalone.csproj", "{CC94ABC1-7BE6-4D81-86CF-7CE096E1AB90}"
EndProject
Global
	GlobalSection(SolutionConfigurationPlatforms) = preSolution
		Debug|Any CPU = Debug|Any CPU
		Release|Any CPU = Release|Any CPU
	EndGlobalSection
	GlobalSection(ProjectConfigurationPlatforms) = postSolution
		{CC94ABC1-7BE6-4D81-86CF-7CE096E1AB90}.Debug|Any CPU.ActiveCfg = Debug|Any CPU
		{CC94ABC1-7BE6-4D81-86CF-7CE096E1AB90}.Debug|Any CPU.Build.0 = Debug|Any CPU
		{CC94ABC1-7BE6-4D81-86CF-7CE096E1AB90}.Release|Any CPU.ActiveCfg = Release|Any CPU
		{CC94ABC1-7BE6-4D81-86CF-7CE096E1AB90}.Release|Any CPU.Build.0 = Release|Any CPU
	EndGlobalSection
EndGlobal
